
Microsoft Visual Studio Solution File, Format Version 12.00
# Visual Studio Version 16
VisualStudioVersion = 16.0.29820.132
MinimumVisualStudioVersion = 10.0.40219.1
Project("{FAE04EC0-301F-11D3-BF4B-00C04F79EFBC}") = "Exercicio3", "Exercicio3\Exercicio3.csproj", "{9B75DFA8-4D95-4B74-BDBB-FB841AD57632}"
EndProject
Global
	GlobalSection(SolutionConfigurationPlatforms) = preSolution
		Debug|Any CPU = Debug|Any CPU
		Release|Any CPU = Release|Any CPU
	EndGlobalSection
	GlobalSection(ProjectConfigurationPlatforms) = postSolution
		{9B75DFA8-4D95-4B74-BDBB-FB841AD57632}.Debug|Any CPU.ActiveCfg = Debug|Any CPU
		{9B75DFA8-4D95-4B74-BDBB-FB841AD57632}.Debug|Any CPU.Build.0 = Debug|Any CPU
		{9B75DFA8-4D95-4B74-BDBB-FB841AD57632}.Release|Any CPU.ActiveCfg = Release|Any CPU
		{9B75DFA8-4D95-4B74-BDBB-FB841AD57632}.Release|Any CPU.Build.0 = Release|Any CPU
	EndGlobalSection
	GlobalSection(SolutionProperties) = preSolution
		HideSolutionNode = FALSE
	EndGlobalSection
	GlobalSection(ExtensibilityGlobals) = postSolution
		SolutionGuid = {09673189-3278-4322-BC39-9BF16BB0CE3F}
	EndGlobalSection
EndGlobal
